// !$*UTF8*$!
{
	archiveVersion = 1;
	classes = {
	};
	objectVersion = 46;
	objects = {

/* Begin PBXBuildFile section */
		4623D95EE2F6057BBB0C419A /* libPods-MBProgressHUDExample.a in Frameworks */ = {isa = PBXBuildFile; fileRef = F1A50DB0D3D1D5549E9FCBC1 /* libPods-MBProgressHUDExample.a */; };
		9D3D5BA51F42874B003C0A56 /* MBProgressHUD+LCAdditions.m in Sources */ = {isa = PBXBuildFile; fileRef = 9D3D5BA31F42874B003C0A56 /* MBProgressHUD+LCAdditions.m */; };
		9D3D5BA61F42874B003C0A56 /* MBProgressHUD.bundle in Resources */ = {isa = PBXBuildFile; fileRef = 9D3D5BA41F42874B003C0A56 /* MBProgressHUD.bundle */; };
		9D5A4F5D1F419A010026CED2 /* main.m in Sources */ = {isa = PBXBuildFile; fileRef = 9D5A4F5C1F419A010026CED2 /* main.m */; };
		9D5A4F601F419A010026CED2 /* AppDelegate.m in Sources */ = {isa = PBXBuildFile; fileRef = 9D5A4F5F1F419A010026CED2 /* AppDelegate.m */; };
		9D5A4F631F419A010026CED2 /* ViewController.m in Sources */ = {isa = PBXBuildFile; fileRef = 9D5A4F621F419A010026CED2 /* ViewController.m */; };
		9D5A4F661F419A020026CED2 /* Main.storyboard in Resources */ = {isa = PBXBuildFile; fileRef = 9D5A4F641F419A020026CED2 /* Main.storyboard */; };
		9D5A4F681F419A020026CED2 /* Assets.xcassets in Resources */ = {isa = PBXBuildFile; fileRef = 9D5A4F671F419A020026CED2 /* Assets.xcassets */; };
		9D5A4F6B1F419A020026CED2 /* LaunchScreen.storyboard in Resources */ = {isa = PBXBuildFile; fileRef = 9D5A4F691F419A020026CED2 /* LaunchScreen.storyboard */; };
		9D5A4F761F419A020026CED2 /* MBProgressHUDExampleTests.m in Sources */ = {isa = PBXBuildFile; fileRef = 9D5A4F751F419A020026CED2 /* MBProgressHUDExampleTests.m */; };
		9D5A4F811F419A020026CED2 /* MBProgressHUDExampleUITests.m in Sources */ = {isa = PBXBuildFile; fileRef = 9D5A4F801F419A020026CED2 /* MBProgressHUDExampleUITests.m */; };
		9D5A4F941F419A610026CED2 /* RootViewController.m in Sources */ = {isa = PBXBuildFile; fileRef = 9D5A4F931F419A610026CED2 /* RootViewController.m */; };
/* End PBXBuildFile section */

/* Begin PBXContainerItemProxy section */
		9D5A4F721F419A020026CED2 /* PBXContainerItemProxy */ = {
			isa = PBXContainerItemProxy;
			containerPortal = 9D5A4F501F419A010026CED2 /* Project object */;
			proxyType = 1;
			remoteGlobalIDString = 9D5A4F571F419A010026CED2;
			remoteInfo = MBProgressHUDExample;
		};
		9D5A4F7D1F419A020026CED2 /* PBXContainerItemProxy */ = {
			isa = PBXContainerItemProxy;
			containerPortal = 9D5A4F501F419A010026CED2 /* Project object */;
			proxyType = 1;
			remoteGlobalIDString = 9D5A4F571F419A010026CED2;
			remoteInfo = MBProgressHUDExample;
		};
/* End PBXContainerItemProxy section */

/* Begin PBXFileReference section */
		303561FB7F05D209DDD88774 /* Pods-MBProgressHUDExample.release.xcconfig */ = {isa = PBXFileReference; includeInIndex = 1; lastKnownFileType = text.xcconfig; name = "Pods-MBProgressHUDExample.release.xcconfig"; path = "Pods/Target Support Files/Pods-MBProgressHUDExample/Pods-MBProgressHUDExample.release.xcconfig"; sourceTree = "<group>"; };
		9D3D5BA21F42874B003C0A56 /* MBProgressHUD+LCAdditions.h */ = {isa = PBXFileReference; fileEncoding = 4; lastKnownFileType = sourcecode.c.h; path = "MBProgressHUD+LCAdditions.h"; sourceTree = "<group>"; };
		9D3D5BA31F42874B003C0A56 /* MBProgressHUD+LCAdditions.m */ = {isa = PBXFileReference; fileEncoding = 4; lastKnownFileType = sourcecode.c.objc; path = "MBProgressHUD+LCAdditions.m"; sourceTree = "<group>"; };
		9D3D5BA41F42874B003C0A56 /* MBProgressHUD.bundle */ = {isa = PBXFileReference; lastKnownFileType = "wrapper.plug-in"; path = MBProgressHUD.bundle; sourceTree = "<group>"; };
		9D5A4F581F419A010026CED2 /* MBProgressHUDExample.app */ = {isa = PBXFileReference; explicitFileType = wrapper.application; includeInIndex = 0; path = MBProgressHUDExample.app; sourceTree = BUILT_PRODUCTS_DIR; };
		9D5A4F5C1F419A010026CED2 /* main.m */ = {isa = PBXFileReference; lastKnownFileType = sourcecode.c.objc; path = main.m; sourceTree = "<group>"; };
		9D5A4F5E1F419A010026CED2 /* AppDelegate.h */ = {isa = PBXFileReference; lastKnownFileType = sourcecode.c.h; path = AppDelegate.h; sourceTree = "<group>"; };
		9D5A4F5F1F419A010026CED2 /* AppDelegate.m */ = {isa = PBXFileReference; lastKnownFileType = sourcecode.c.objc; path = AppDelegate.m; sourceTree = "<group>"; };
		9D5A4F611F419A010026CED2 /* ViewController.h */ = {isa = PBXFileReference; lastKnownFileType = sourcecode.c.h; path = ViewController.h; sourceTree = "<group>"; };
		9D5A4F621F419A010026CED2 /* ViewController.m */ = {isa = PBXFileReference; lastKnownFileType = sourcecode.c.objc; path = ViewController.m; sourceTree = "<group>"; };
		9D5A4F651F419A020026CED2 /* Base */ = {isa = PBXFileReference; lastKnownFileType = file.storyboard; name = Base; path = Base.lproj/Main.storyboard; sourceTree = "<group>"; };
		9D5A4F671F419A020026CED2 /* Assets.xcassets */ = {isa = PBXFileReference; lastKnownFileType = folder.assetcatalog; path = Assets.xcassets; sourceTree = "<group>"; };
		9D5A4F6A1F419A020026CED2 /* Base */ = {isa = PBXFileReference; lastKnownFileType = file.storyboard; name = Base; path = Base.lproj/LaunchScreen.storyboard; sourceTree = "<group>"; };
		9D5A4F6C1F419A020026CED2 /* Info.plist */ = {isa = PBXFileReference; lastKnownFileType = text.plist.xml; path = Info.plist; sourceTree = "<group>"; };
		9D5A4F711F419A020026CED2 /* MBProgressHUDExampleTests.xctest */ = {isa = PBXFileReference; explicitFileType = wrapper.cfbundle; includeInIndex = 0; path = MBProgressHUDExampleTests.xctest; sourceTree = BUILT_PRODUCTS_DIR; };
		9D5A4F751F419A020026CED2 /* MBProgressHUDExampleTests.m */ = {isa = PBXFileReference; lastKnownFileType = sourcecode.c.objc; path = MBProgressHUDExampleTests.m; sourceTree = "<group>"; };
		9D5A4F771F419A020026CED2 /* Info.plist */ = {isa = PBXFileReference; lastKnownFileType = text.plist.xml; path = Info.plist; sourceTree = "<group>"; };
		9D5A4F7C1F419A020026CED2 /* MBProgressHUDExampleUITests.xctest */ = {isa = PBXFileReference; explicitFileType = wrapper.cfbundle; includeInIndex = 0; path = MBProgressHUDExampleUITests.xctest; sourceTree = BUILT_PRODUCTS_DIR; };
		9D5A4F801F419A020026CED2 /* MBProgressHUDExampleUITests.m */ = {isa = PBXFileReference; lastKnownFileType = sourcecode.c.objc; path = MBProgressHUDExampleUITests.m; sourceTree = "<group>"; };
		9D5A4F821F419A020026CED2 /* Info.plist */ = {isa = PBXFileReference; lastKnownFileType = text.plist.xml; path = Info.plist; sourceTree = "<group>"; };
		9D5A4F921F419A610026CED2 /* RootViewController.h */ = {isa = PBXFileReference; fileEncoding = 4; lastKnownFileType = sourcecode.c.h; path = RootViewController.h; sourceTree = "<group>"; };
		9D5A4F931F419A610026CED2 /* RootViewController.m */ = {isa = PBXFileReference; fileEncoding = 4; lastKnownFileType = sourcecode.c.objc; path = RootViewController.m; sourceTree = "<group>"; };
		F0D6C01187CFF7C0449F3A2D /* Pods-MBProgressHUDExample.debug.xcconfig */ = {isa = PBXFileReference; includeInIndex = 1; lastKnownFileType = text.xcconfig; name = "Pods-MBProgressHUDExample.debug.xcconfig"; path = "Pods/Target Support Files/Pods-MBProgressHUDExample/Pods-MBProgressHUDExample.debug.xcconfig"; sourceTree = "<group>"; };
		F1A50DB0D3D1D5549E9FCBC1 /* libPods-MBProgressHUDExample.a */ = {isa = PBXFileReference; explicitFileType = archive.ar; includeInIndex = 0; path = "libPods-MBProgressHUDExample.a"; sourceTree = BUILT_PRODUCTS_DIR; };
/* End PBXFileReference section */

/* Begin PBXFrameworksBuildPhase section */
		9D5A4F551F419A010026CED2 /* Frameworks */ = {
			isa = PBXFrameworksBuildPhase;
			buildActionMask = 2147483647;
			files = (
				4623D95EE2F6057BBB0C419A /* libPods-MBProgressHUDExample.a in Frameworks */,
			);
			runOnlyForDeploymentPostprocessing = 0;
		};
		9D5A4F6E1F419A020026CED2 /* Frameworks */ = {
			isa = PBXFrameworksBuildPhase;
			buildActionMask = 2147483647;
			files = (
			);
			runOnlyForDeploymentPostprocessing = 0;
		};
		9D5A4F791F419A020026CED2 /* Frameworks */ = {
			isa = PBXFrameworksBuildPhase;
			buildActionMask = 2147483647;
			files = (
			);
			runOnlyForDeploymentPostprocessing = 0;
		};
/* End PBXFrameworksBuildPhase section */

/* Begin PBXGroup section */
		2D938F39D37B5A69A129E100 /* Frameworks */ = {
			isa = PBXGroup;
			children = (
				F1A50DB0D3D1D5549E9FCBC1 /* libPods-MBProgressHUDExample.a */,
			);
			name = Frameworks;
			sourceTree = "<group>";
		};
		6F266AA2C5759FEBAE143B1F /* Pods */ = {
			isa = PBXGroup;
			children = (
				F0D6C01187CFF7C0449F3A2D /* Pods-MBProgressHUDExample.debug.xcconfig */,
				303561FB7F05D209DDD88774 /* Pods-MBProgressHUDExample.release.xcconfig */,
			);
			name = Pods;
			sourceTree = "<group>";
		};
		9D3D5BA11F42874B003C0A56 /* MBProgressHUD */ = {
			isa = PBXGroup;
			children = (
				9D3D5BA21F42874B003C0A56 /* MBProgressHUD+LCAdditions.h */,
				9D3D5BA31F42874B003C0A56 /* MBProgressHUD+LCAdditions.m */,
				9D3D5BA41F42874B003C0A56 /* MBProgressHUD.bundle */,
			);
			name = MBProgressHUD;
			path = ../../MBProgressHUD;
			sourceTree = "<group>";
		};
		9D5A4F4F1F419A010026CED2 = {
			isa = PBXGroup;
			children = (
				9D5A4F5A1F419A010026CED2 /* MBProgressHUDExample */,
				9D5A4F741F419A020026CED2 /* MBProgressHUDExampleTests */,
				9D5A4F7F1F419A020026CED2 /* MBProgressHUDExampleUITests */,
				9D5A4F591F419A010026CED2 /* Products */,
				6F266AA2C5759FEBAE143B1F /* Pods */,
				2D938F39D37B5A69A129E100 /* Frameworks */,
			);
			sourceTree = "<group>";
		};
		9D5A4F591F419A010026CED2 /* Products */ = {
			isa = PBXGroup;
			children = (
				9D5A4F581F419A010026CED2 /* MBProgressHUDExample.app */,
				9D5A4F711F419A020026CED2 /* MBProgressHUDExampleTests.xctest */,
				9D5A4F7C1F419A020026CED2 /* MBProgressHUDExampleUITests.xctest */,
			);
			name = Products;
			sourceTree = "<group>";
		};
		9D5A4F5A1F419A010026CED2 /* MBProgressHUDExample */ = {
			isa = PBXGroup;
			children = (
				9D3D5BA11F42874B003C0A56 /* MBProgressHUD */,
				9D5A4F5E1F419A010026CED2 /* AppDelegate.h */,
				9D5A4F5F1F419A010026CED2 /* AppDelegate.m */,
				9D5A4F611F419A010026CED2 /* ViewController.h */,
				9D5A4F621F419A010026CED2 /* ViewController.m */,
				9D5A4F921F419A610026CED2 /* RootViewController.h */,
				9D5A4F931F419A610026CED2 /* RootViewController.m */,
				9D5A4F641F419A020026CED2 /* Main.storyboard */,
				9D5A4F671F419A020026CED2 /* Assets.xcassets */,
				9D5A4F691F419A020026CED2 /* LaunchScreen.storyboard */,
				9D5A4F6C1F419A020026CED2 /* Info.plist */,
				9D5A4F5B1F419A010026CED2 /* Supporting Files */,
			);
			path = MBProgressHUDExample;
			sourceTree = "<group>";
		};
		9D5A4F5B1F419A010026CED2 /* Supporting Files */ = {
			isa = PBXGroup;
			children = (
				9D5A4F5C1F419A010026CED2 /* main.m */,
			);
			name = "Supporting Files";
			sourceTree = "<group>";
		};
		9D5A4F741F419A020026CED2 /* MBProgressHUDExampleTests */ = {
			isa = PBXGroup;
			children = (
				9D5A4F751F419A020026CED2 /* MBProgressHUDExampleTests.m */,
				9D5A4F771F419A020026CED2 /* Info.plist */,
			);
			path = MBProgressHUDExampleTests;
			sourceTree = "<group>";
		};
		9D5A4F7F1F419A020026CED2 /* MBProgressHUDExampleUITests */ = {
			isa = PBXGroup;
			children = (
				9D5A4F801F419A020026CED2 /* MBProgressHUDExampleUITests.m */,
				9D5A4F821F419A020026CED2 /* Info.plist */,
			);
			path = MBProgressHUDExampleUITests;
			sourceTree = "<group>";
		};
/* End PBXGroup section */

/* Begin PBXNativeTarget section */
		9D5A4F571F419A010026CED2 /* MBProgressHUDExample */ = {
			isa = PBXNativeTarget;
			buildConfigurationList = 9D5A4F851F419A020026CED2 /* Build configuration list for PBXNativeTarget "MBProgressHUDExample" */;
			buildPhases = (
				82D31DA6DE504363CC604654 /* [CP] Check Pods Manifest.lock */,
				9D5A4F541F419A010026CED2 /* Sources */,
				9D5A4F551F419A010026CED2 /* Frameworks */,
				9D5A4F561F419A010026CED2 /* Resources */,
				1448E84F1CB3B58D09E3F3C0 /* [CP] Embed Pods Frameworks */,
				58400FCF46FF1CC35738CF29 /* [CP] Copy Pods Resources */,
			);
			buildRules = (
			);
			dependencies = (
			);
			name = MBProgressHUDExample;
			productName = MBProgressHUDExample;
			productReference = 9D5A4F581F419A010026CED2 /* MBProgressHUDExample.app */;
			productType = "com.apple.product-type.application";
		};
		9D5A4F701F419A020026CED2 /* MBProgressHUDExampleTests */ = {
			isa = PBXNativeTarget;
			buildConfigurationList = 9D5A4F881F419A020026CED2 /* Build configuration list for PBXNativeTarget "MBProgressHUDExampleTests" */;
			buildPhases = (
				9D5A4F6D1F419A020026CED2 /* Sources */,
				9D5A4F6E1F419A020026CED2 /* Frameworks */,
				9D5A4F6F1F419A020026CED2 /* Resources */,
			);
			buildRules = (
			);
			dependencies = (
				9D5A4F731F419A020026CED2 /* PBXTargetDependency */,
			);
			name = MBProgressHUDExampleTests;
			productName = MBProgressHUDExampleTests;
			productReference = 9D5A4F711F419A020026CED2 /* MBProgressHUDExampleTests.xctest */;
			productType = "com.apple.product-type.bundle.unit-test";
		};
		9D5A4F7B1F419A020026CED2 /* MBProgressHUDExampleUITests */ = {
			isa = PBXNativeTarget;
			buildConfigurationList = 9D5A4F8B1F419A020026CED2 /* Build configuration list for PBXNativeTarget "MBProgressHUDExampleUITests" */;
			buildPhases = (
				9D5A4F781F419A020026CED2 /* Sources */,
				9D5A4F791F419A020026CED2 /* Frameworks */,
				9D5A4F7A1F419A020026CED2 /* Resources */,
			);
			buildRules = (
			);
			dependencies = (
				9D5A4F7E1F419A020026CED2 /* PBXTargetDependency */,
			);
			name = MBProgressHUDExampleUITests;
			productName = MBProgressHUDExampleUITests;
			productReference = 9D5A4F7C1F419A020026CED2 /* MBProgressHUDExampleUITests.xctest */;
			productType = "com.apple.product-type.bundle.ui-testing";
		};
/* End PBXNativeTarget section */

/* Begin PBXProject section */
		9D5A4F501F419A010026CED2 /* Project object */ = {
			isa = PBXProject;
			attributes = {
				LastUpgradeCheck = 0830;
				ORGANIZATIONNAME = lichao;
				TargetAttributes = {
					9D5A4F571F419A010026CED2 = {
						CreatedOnToolsVersion = 8.3.1;
						DevelopmentTeam = 743Y9377LW;
						ProvisioningStyle = Automatic;
					};
					9D5A4F701F419A020026CED2 = {
						CreatedOnToolsVersion = 8.3.1;
						DevelopmentTeam = 743Y9377LW;
						ProvisioningStyle = Automatic;
						TestTargetID = 9D5A4F571F419A010026CED2;
					};
					9D5A4F7B1F419A020026CED2 = {
						CreatedOnToolsVersion = 8.3.1;
						DevelopmentTeam = 743Y9377LW;
						ProvisioningStyle = Automatic;
						TestTargetID = 9D5A4F571F419A010026CED2;
					};
				};
			};
			buildConfigurationList = 9D5A4F531F419A010026CED2 /* Build configuration list for PBXProject "MBProgressHUDExample" */;
			compatibilityVersion = "Xcode 3.2";
			developmentRegion = English;
			hasScannedForEncodings = 0;
			knownRegions = (
				en,
				Base,
			);
			mainGroup = 9D5A4F4F1F419A010026CED2;
			productRefGroup = 9D5A4F591F419A010026CED2 /* Products */;
			projectDirPath = "";
			projectRoot = "";
			targets = (
				9D5A4F571F419A010026CED2 /* MBProgressHUDExample */,
				9D5A4F701F419A020026CED2 /* MBProgressHUDExampleTests */,
				9D5A4F7B1F419A020026CED2 /* MBProgressHUDExampleUITests */,
			);
		};
/* End PBXProject section */

/* Begin PBXResourcesBuildPhase section */
		9D5A4F561F419A010026CED2 /* Resources */ = {
			isa = PBXResourcesBuildPhase;
			buildActionMask = 2147483647;
			files = (
				9D5A4F6B1F419A020026CED2 /* LaunchScreen.storyboard in Resources */,
				9D3D5BA61F42874B003C0A56 /* MBProgressHUD.bundle in Resources */,
				9D5A4F681F419A020026CED2 /* Assets.xcassets in Resources */,
				9D5A4F661F419A020026CED2 /* Main.storyboard in Resources */,
			);
			runOnlyForDeploymentPostprocessing = 0;
		};
		9D5A4F6F1F419A020026CED2 /* Resources */ = {
			isa = PBXResourcesBuildPhase;
			buildActionMask = 2147483647;
			files = (
			);
			runOnlyForDeploymentPostprocessing = 0;
		};
		9D5A4F7A1F419A020026CED2 /* Resources */ = {
			isa = PBXResourcesBuildPhase;
			buildActionMask = 2147483647;
			files = (
			);
			runOnlyForDeploymentPostprocessing = 0;
		};
/* End PBXResourcesBuildPhase section */

/* Begin PBXShellScriptBuildPhase section */
		1448E84F1CB3B58D09E3F3C0 /* [CP] Embed Pods Frameworks */ = {
			isa = PBXShellScriptBuildPhase;
			buildActionMask = 2147483647;
			files = (
			);
			inputPaths = (
			);
			name = "[CP] Embed Pods Frameworks";
			outputPaths = (
			);
			runOnlyForDeploymentPostprocessing = 0;
			shellPath = /bin/sh;
			shellScript = "\"${SRCROOT}/Pods/Target Support Files/Pods-MBProgressHUDExample/Pods-MBProgressHUDExample-frameworks.sh\"\n";
			showEnvVarsInLog = 0;
		};
		58400FCF46FF1CC35738CF29 /* [CP] Copy Pods Resources */ = {
			isa = PBXShellScriptBuildPhase;
			buildActionMask = 2147483647;
			files = (
			);
			inputPaths = (
			);
			name = "[CP] Copy Pods Resources";
			outputPaths = (
			);
			runOnlyForDeploymentPostprocessing = 0;
			shellPath = /bin/sh;
			shellScript = "\"${SRCROOT}/Pods/Target Support Files/Pods-MBProgressHUDExample/Pods-MBProgressHUDExample-resources.sh\"\n";
			showEnvVarsInLog = 0;
		};
		82D31DA6DE504363CC604654 /* [CP] Check Pods Manifest.lock */ = {
			isa = PBXShellScriptBuildPhase;
			buildActionMask = 2147483647;
			files = (
			);
			inputPaths = (
			);
			name = "[CP] Check Pods Manifest.lock";
			outputPaths = (
			);
			runOnlyForDeploymentPostprocessing = 0;
			shellPath = /bin/sh;
			shellScript = "diff \"${PODS_ROOT}/../Podfile.lock\" \"${PODS_ROOT}/Manifest.lock\" > /dev/null\nif [[ $? != 0 ]] ; then\n    cat << EOM\nerror: The sandbox is not in sync with the Podfile.lock. Run 'pod install' or update your CocoaPods installation.\nEOM\n    exit 1\nfi\n";
			showEnvVarsInLog = 0;
		};
/* End PBXShellScriptBuildPhase section */

/* Begin PBXSourcesBuildPhase section */
		9D5A4F541F419A010026CED2 /* Sources */ = {
			isa = PBXSourcesBuildPhase;
			buildActionMask = 2147483647;
			files = (
				9D5A4F631F419A010026CED2 /* ViewController.m in Sources */,
				9D3D5BA51F42874B003C0A56 /* MBProgressHUD+LCAdditions.m in Sources */,
				9D5A4F601F419A010026CED2 /* AppDelegate.m in Sources */,
				9D5A4F5D1F419A010026CED2 /* main.m in Sources */,
				9D5A4F941F419A610026CED2 /* RootViewController.m in Sources */,
			);
			runOnlyForDeploymentPostprocessing = 0;
		};
		9D5A4F6D1F419A020026CED2 /* Sources */ = {
			isa = PBXSourcesBuildPhase;
			buildActionMask = 2147483647;
			files = (
				9D5A4F761F419A020026CED2 /* MBProgressHUDExampleTests.m in Sources */,
			);
			runOnlyForDeploymentPostprocessing = 0;
		};
		9D5A4F781F419A020026CED2 /* Sources */ = {
			isa = PBXSourcesBuildPhase;
			buildActionMask = 2147483647;
			files = (
				9D5A4F811F419A020026CED2 /* MBProgressHUDExampleUITests.m in Sources */,
			);
			runOnlyForDeploymentPostprocessing = 0;
		};
/* End PBXSourcesBuildPhase section */

/* Begin PBXTargetDependency section */
		9D5A4F731F419A020026CED2 /* PBXTargetDependency */ = {
			isa = PBXTargetDependency;
			target = 9D5A4F571F419A010026CED2 /* MBProgressHUDExample */;
			targetProxy = 9D5A4F721F419A020026CED2 /* PBXContainerItemProxy */;
		};
		9D5A4F7E1F419A020026CED2 /* PBXTargetDependency */ = {
			isa = PBXTargetDependency;
			target = 9D5A4F571F419A010026CED2 /* MBProgressHUDExample */;
			targetProxy = 9D5A4F7D1F419A020026CED2 /* PBXContainerItemProxy */;
		};
/* End PBXTargetDependency section */

/* Begin PBXVariantGroup section */
		9D5A4F641F419A020026CED2 /* Main.storyboard */ = {
			isa = PBXVariantGroup;
			children = (
				9D5A4F651F419A020026CED2 /* Base */,
			);
			name = Main.storyboard;
			sourceTree = "<group>";
		};
		9D5A4F691F419A020026CED2 /* LaunchScreen.storyboard */ = {
			isa = PBXVariantGroup;
			children = (
				9D5A4F6A1F419A020026CED2 /* Base */,
			);
			name = LaunchScreen.storyboard;
			sourceTree = "<group>";
		};
/* End PBXVariantGroup section */

/* Begin XCBuildConfiguration section */
		9D5A4F831F419A020026CED2 /* Debug */ = {
			isa = XCBuildConfiguration;
			buildSettings = {
				ALWAYS_SEARCH_USER_PATHS = NO;
				CLANG_ANALYZER_NONNULL = YES;
				CLANG_ANALYZER_NUMBER_OBJECT_CONVERSION = YES_AGGRESSIVE;
				CLANG_CXX_LANGUAGE_STANDARD = "gnu++0x";
				CLANG_CXX_LIBRARY = "libc++";
				CLANG_ENABLE_MODULES = YES;
				CLANG_ENABLE_OBJC_ARC = YES;
				CLANG_WARN_BOOL_CONVERSION = YES;
				CLANG_WARN_CONSTANT_CONVERSION = YES;
				CLANG_WARN_DIRECT_OBJC_ISA_USAGE = YES_ERROR;
				CLANG_WARN_DOCUMENTATION_COMMENTS = YES;
				CLANG_WARN_EMPTY_BODY = YES;
				CLANG_WARN_ENUM_CONVERSION = YES;
				CLANG_WARN_INFINITE_RECURSION = YES;
				CLANG_WARN_INT_CONVERSION = YES;
				CLANG_WARN_OBJC_ROOT_CLASS = YES_ERROR;
				CLANG_WARN_SUSPICIOUS_MOVE = YES;
				CLANG_WARN_UNREACHABLE_CODE = YES;
				CLANG_WARN__DUPLICATE_METHOD_MATCH = YES;
				"CODE_SIGN_IDENTITY[sdk=iphoneos*]" = "iPhone Developer";
				COPY_PHASE_STRIP = NO;
				DEBUG_INFORMATION_FORMAT = dwarf;
				ENABLE_STRICT_OBJC_MSGSEND = YES;
				ENABLE_TESTABILITY = YES;
				GCC_C_LANGUAGE_STANDARD = gnu99;
				GCC_DYNAMIC_NO_PIC = NO;
				GCC_NO_COMMON_BLOCKS = YES;
				GCC_OPTIMIZATION_LEVEL = 0;
				GCC_PREPROCESSOR_DEFINITIONS = (
					"DEBUG=1",
					"$(inherited)",
				);
				GCC_WARN_64_TO_32_BIT_CONVERSION = YES;
				GCC_WARN_ABOUT_RETURN_TYPE = YES_ERROR;
				GCC_WARN_UNDECLARED_SELECTOR = YES;
				GCC_WARN_UNINITIALIZED_AUTOS = YES_AGGRESSIVE;
				GCC_WARN_UNUSED_FUNCTION = YES;
				GCC_WARN_UNUSED_VARIABLE = YES;
				IPHONEOS_DEPLOYMENT_TARGET = 10.3;
				MTL_ENABLE_DEBUG_INFO = YES;
				ONLY_ACTIVE_ARCH = YES;
				SDKROOT = iphoneos;
			};
			name = Debug;
		};
		9D5A4F841F419A020026CED2 /* Release */ = {
			isa = XCBuildConfiguration;
			buildSettings = {
				ALWAYS_SEARCH_USER_PATHS = NO;
				CLANG_ANALYZER_NONNULL = YES;
				CLANG_ANALYZER_NUMBER_OBJECT_CONVERSION = YES_AGGRESSIVE;
				CLANG_CXX_LANGUAGE_STANDARD = "gnu++0x";
				CLANG_CXX_LIBRARY = "libc++";
				CLANG_ENABLE_MODULES = YES;
				CLANG_ENABLE_OBJC_ARC = YES;
				CLANG_WARN_BOOL_CONVERSION = YES;
				CLANG_WARN_CONSTANT_CONVERSION = YES;
				CLANG_WARN_DIRECT_OBJC_ISA_USAGE = YES_ERROR;
				CLANG_WARN_DOCUMENTATION_COMMENTS = YES;
				CLANG_WARN_EMPTY_BODY = YES;
				CLANG_WARN_ENUM_CONVERSION = YES;
				CLANG_WARN_INFINITE_RECURSION = YES;
				CLANG_WARN_INT_CONVERSION = YES;
				CLANG_WARN_OBJC_ROOT_CLASS = YES_ERROR;
				CLANG_WARN_SUSPICIOUS_MOVE = YES;
				CLANG_WARN_UNREACHABLE_CODE = YES;
				CLANG_WARN__DUPLICATE_METHOD_MATCH = YES;
				"CODE_SIGN_IDENTITY[sdk=iphoneos*]" = "iPhone Developer";
				COPY_PHASE_STRIP = NO;
				DEBUG_INFORMATION_FORMAT = "dwarf-with-dsym";
				ENABLE_NS_ASSERTIONS = NO;
				ENABLE_STRICT_OBJC_MSGSEND = YES;
				GCC_C_LANGUAGE_STANDARD = gnu99;
				GCC_NO_COMMON_BLOCKS = YES;
				GCC_WARN_64_TO_32_BIT_CONVERSION = YES;
				GCC_WARN_ABOUT_RETURN_TYPE = YES_ERROR;
				GCC_WARN_UNDECLARED_SELECTOR = YES;
				GCC_WARN_UNINITIALIZED_AUTOS = YES_AGGRESSIVE;
				GCC_WARN_UNUSED_FUNCTION = YES;
				GCC_WARN_UNUSED_VARIABLE = YES;
				IPHONEOS_DEPLOYMENT_TARGET = 10.3;
				MTL_ENABLE_DEBUG_INFO = NO;
				SDKROOT = iphoneos;
				VALIDATE_PRODUCT = YES;
			};
			name = Release;
		};
		9D5A4F861F419A020026CED2 /* Debug */ = {
			isa = XCBuildConfiguration;
			baseConfigurationReference = F0D6C01187CFF7C0449F3A2D /* Pods-MBProgressHUDExample.debug.xcconfig */;
			buildSettings = {
				ASSETCATALOG_COMPILER_APPICON_NAME = AppIcon;
				DEVELOPMENT_TEAM = 743Y9377LW;
				INFOPLIST_FILE = MBProgressHUDExample/Info.plist;
				LD_RUNPATH_SEARCH_PATHS = "$(inherited) @executable_path/Frameworks";
				PRODUCT_BUNDLE_IDENTIFIER = "-111.MBProgressHUDExample";
				PRODUCT_NAME = "$(TARGET_NAME)";
			};
			name = Debug;
		};
		9D5A4F871F419A020026CED2 /* Release */ = {
			isa = XCBuildConfiguration;
			baseConfigurationReference = 303561FB7F05D209DDD88774 /* Pods-MBProgressHUDExample.release.xcconfig */;
			buildSettings = {
				ASSETCATALOG_COMPILER_APPICON_NAME = AppIcon;
				DEVELOPMENT_TEAM = 743Y9377LW;
				INFOPLIST_FILE = MBProgressHUDExample/Info.plist;
				LD_RUNPATH_SEARCH_PATHS = "$(inherited) @executable_path/Frameworks";
				PRODUCT_BUNDLE_IDENTIFIER = "-111.MBProgressHUDExample";
				PRODUCT_NAME = "$(TARGET_NAME)";
			};
			name = Release;
		};
		9D5A4F891F419A020026CED2 /* Debug */ = {
			isa = XCBuildConfiguration;
			buildSettings = {
				BUNDLE_LOADER = "$(TEST_HOST)";
				DEVELOPMENT_TEAM = 743Y9377LW;
				INFOPLIST_FILE = MBProgressHUDExampleTests/Info.plist;
				LD_RUNPATH_SEARCH_PATHS = "$(inherited) @executable_path/Frameworks @loader_path/Frameworks";
				PRODUCT_BUNDLE_IDENTIFIER = "-111.MBProgressHUDExampleTests";
				PRODUCT_NAME = "$(TARGET_NAME)";
				TEST_HOST = "$(BUILT_PRODUCTS_DIR)/MBProgressHUDExample.app/MBProgressHUDExample";
			};
			name = Debug;
		};
		9D5A4F8A1F419A020026CED2 /* Release */ = {
			isa = XCBuildConfiguration;
			buildSettings = {
				BUNDLE_LOADER = "$(TEST_HOST)";
				DEVELOPMENT_TEAM = 743Y9377LW;
				INFOPLIST_FILE = MBProgressHUDExampleTests/Info.plist;
				LD_RUNPATH_SEARCH_PATHS = "$(inherited) @executable_path/Frameworks @loader_path/Frameworks";
				PRODUCT_BUNDLE_IDENTIFIER = "-111.MBProgressHUDExampleTests";
				PRODUCT_NAME = "$(TARGET_NAME)";
				TEST_HOST = "$(BUILT_PRODUCTS_DIR)/MBProgressHUDExample.app/MBProgressHUDExample";
			};
			name = Release;
		};
		9D5A4F8C1F419A020026CED2 /* Debug */ = {
			isa = XCBuildConfiguration;
			buildSettings = {
				DEVELOPMENT_TEAM = 743Y9377LW;
				INFOPLIST_FILE = MBProgressHUDExampleUITests/Info.plist;
				LD_RUNPATH_SEARCH_PATHS = "$(inherited) @executable_path/Frameworks @loader_path/Frameworks";
				PRODUCT_BUNDLE_IDENTIFIER = "-111.MBProgressHUDExampleUITests";
				PRODUCT_NAME = "$(TARGET_NAME)";
				TEST_TARGET_NAME = MBProgressHUDExample;
			};
			name = Debug;
		};
		9D5A4F8D1F419A020026CED2 /* Release */ = {
			isa = XCBuildConfiguration;
			buildSettings = {
				DEVELOPMENT_TEAM = 743Y9377LW;
				INFOPLIST_FILE = MBProgressHUDExampleUITests/Info.plist;
				LD_RUNPATH_SEARCH_PATHS = "$(inherited) @executable_path/Frameworks @loader_path/Frameworks";
				PRODUCT_BUNDLE_IDENTIFIER = "-111.MBProgressHUDExampleUITests";
				PRODUCT_NAME = "$(TARGET_NAME)";
				TEST_TARGET_NAME = MBProgressHUDExample;
			};
			name = Release;
		};
/* End XCBuildConfiguration section */

/* Begin XCConfigurationList section */
		9D5A4F531F419A010026CED2 /* Build configuration list for PBXProject "MBProgressHUDExample" */ = {
			isa = XCConfigurationList;
			buildConfigurations = (
				9D5A4F831F419A020026CED2 /* Debug */,
				9D5A4F841F419A020026CED2 /* Release */,
			);
			defaultConfigurationIsVisible = 0;
			defaultConfigurationName = Release;
		};
		9D5A4F851F419A020026CED2 /* Build configuration list for PBXNativeTarget "MBProgressHUDExample" */ = {
			isa = XCConfigurationList;
			buildConfigurations = (
				9D5A4F861F419A020026CED2 /* Debug */,
				9D5A4F871F419A020026CED2 /* Release */,
			);
			defaultConfigurationIsVisible = 0;
			defaultConfigurationName = Release;
		};
		9D5A4F881F419A020026CED2 /* Build configuration list for PBXNativeTarget "MBProgressHUDExampleTests" */ = {
			isa = XCConfigurationList;
			buildConfigurations = (
				9D5A4F891F419A020026CED2 /* Debug */,
				9D5A4F8A1F419A020026CED2 /* Release */,
			);
			defaultConfigurationIsVisible = 0;
			defaultConfigurationName = Release;
		};
		9D5A4F8B1F419A020026CED2 /* Build configuration list for PBXNativeTarget "MBProgressHUDExampleUITests" */ = {
			isa = XCConfigurationList;
			buildConfigurations = (
				9D5A4F8C1F419A020026CED2 /* Debug */,
				9D5A4F8D1F419A020026CED2 /* Release */,
			);
			defaultConfigurationIsVisible = 0;
			defaultConfigurationName = Release;
		};
/* End XCConfigurationList section */
	};
	rootObject = 9D5A4F501F419A010026CED2 /* Project object */;
}
